{
  "requires": true,
  "lockfileVersion": 1,
  "dependencies": {
    "@types/node": {
      "version": "8.0.53",
      "resolved": "http://registry.npm.taobao.org/@types/node/download/@types/node-8.0.53.tgz",
      "integrity": "sha1-OWs1r4JvpmqtRyyMt7jV4nf05tg=",
      "dev": true
    },
    "archiver": {
      "version": "1.3.0",
      "resolved": "http://registry.npm.taobao.org/archiver/download/archiver-1.3.0.tgz",
      "integrity": "sha1-TyGU1tj5nfP1MeaIHxTxXVX6ryI=",
      "requires": {
        "archiver-utils": "1.3.0",
        "async": "2.6.0",
        "buffer-crc32": "0.2.13",
        "glob": "7.1.2",
        "lodash": "4.17.4",
        "readable-stream": "2.3.3",
        "tar-stream": "1.5.5",
        "walkdir": "0.0.11",
        "zip-stream": "1.2.0"
      }
    },
    "archiver-utils": {
      "version": "1.3.0",
      "resolved": "http://registry.npm.taobao.org/archiver-utils/download/archiver-utils-1.3.0.tgz",
      "integrity": "sha1-5QtMCccL89aA4y/xt5lOn52JUXQ=",
      "requires": {
        "glob": "7.1.2",
        "graceful-fs": "4.1.11",
        "lazystream": "1.0.0",
        "lodash": "4.17.4",
        "normalize-path": "2.1.1",
        "readable-stream": "2.3.3"
      }
    },
    "arguments-extended": {
      "version": "0.0.3",
      "resolved": "http://registry.npm.taobao.org/arguments-extended/download/arguments-extended-0.0.3.tgz",
      "integrity": "sha1-YQfkkX0OtvCk3WYyD8Fa/HLvSUY=",
      "requires": {
        "extended": "0.0.6",
        "is-extended": "0.0.10"
      }
    },
    "array-extended": {
      "version": "0.0.11",
      "resolved": "http://registry.npm.taobao.org/array-extended/download/array-extended-0.0.11.tgz",
      "integrity": "sha1-1xRK50jek8pybxIQCdv/FibRZL0=",
      "requires": {
        "arguments-extended": "0.0.3",
        "extended": "0.0.6",
        "is-extended": "0.0.10"
      }
    },
    "async": {
      "version": "2.6.0",
      "resolved": "http://registry.npm.taobao.org/async/download/async-2.6.0.tgz",
      "integrity": "sha1-YaKau2/MAm/qd+VtHG7FOnlZUfQ=",
      "requires": {
        "lodash": "4.17.4"
      }
    },
    "balanced-match": {
      "version": "1.0.0",
      "resolved": "http://registry.npm.taobao.org/balanced-match/download/balanced-match-1.0.0.tgz",
      "integrity": "sha1-ibTRmasr7kneFk6gK4nORi1xt2c="
    },
    "binary": {
      "version": "0.3.0",
      "resolved": "http://registry.npm.taobao.org/binary/download/binary-0.3.0.tgz",
      "integrity": "sha1-n2BVO8XOjDOG87VTz/R0Yq3sqnk=",
      "requires": {
        "buffers": "0.1.1",
        "chainsaw": "0.1.0"
      }
    },
    "bl": {
      "version": "1.2.1",
      "resolved": "http://registry.npm.taobao.org/bl/download/bl-1.2.1.tgz",
      "integrity": "sha1-ysMo977kVzDUBLaSID/LWQ4XLV4=",
      "requires": {
        "readable-stream": "2.3.3"
      }
    },
    "boolbase": {
      "version": "1.0.0",
      "resolved": "http://registry.npm.taobao.org/boolbase/download/boolbase-1.0.0.tgz",
      "integrity": "sha1-aN/1++YMUes3cl6p4+0xDcwed24=",
      "dev": true
    },
    "brace-expansion": {
      "version": "1.1.8",
      "resolved": "http://registry.npm.taobao.org/brace-expansion/download/brace-expansion-1.1.8.tgz",
      "integrity": "sha1-wHshHHyVLsH479Uad+8NHTmQopI=",
      "requires": {
        "balanced-match": "1.0.0",
        "concat-map": "0.0.1"
      }
    },
    "buffer-crc32": {
      "version": "0.2.13",
      "resolved": "http://registry.npm.taobao.org/buffer-crc32/download/buffer-crc32-0.2.13.tgz",
      "integrity": "sha1-DTM+PwDqxQqhRUq9MO+MKl2ackI="
    },
    "buffers": {
      "version": "0.1.1",
      "resolved": "http://registry.npm.taobao.org/buffers/download/buffers-0.1.1.tgz",
      "integrity": "sha1-skV5w77U1tOWru5tmorn9Ugqt7s="
    },
    "chainsaw": {
      "version": "0.1.0",
      "resolved": "http://registry.npm.taobao.org/chainsaw/download/chainsaw-0.1.0.tgz",
      "integrity": "sha1-XqtQsor+WAdNDVgpE4iCi15fvJg=",
      "requires": {
        "traverse": "0.3.9"
      }
    },
    "cheerio": {
      "version": "1.0.0-rc.2",
      "resolved": "http://registry.npm.taobao.org/cheerio/download/cheerio-1.0.0-rc.2.tgz",
      "integrity": "sha1-S59TqBsn5NXawxwP/Qz6A8xoMNs=",
      "dev": true,
      "requires": {
        "css-select": "1.2.0",
        "dom-serializer": "0.1.0",
        "entities": "1.1.1",
        "htmlparser2": "3.9.2",
        "lodash": "4.17.4",
        "parse5": "3.0.3"
      }
    },
    "compress-commons": {
      "version": "1.2.2",
      "resolved": "http://registry.npm.taobao.org/compress-commons/download/compress-commons-1.2.2.tgz",
      "integrity": "sha1-UkqfEJA/OoEzibAiXSfEi7dRiQ8=",
      "requires": {
        "buffer-crc32": "0.2.13",
        "crc32-stream": "2.0.0",
        "normalize-path": "2.1.1",
        "readable-stream": "2.3.3"
      }
    },
    "concat-map": {
      "version": "0.0.1",
      "resolved": "http://registry.npm.taobao.org/concat-map/download/concat-map-0.0.1.tgz",
      "integrity": "sha1-2Klr13/Wjfd5OnMDajug1UBdR3s="
    },
    "core-js": {
      "version": "2.3.0",
      "resolved": "http://registry.npm.taobao.org/core-js/download/core-js-2.3.0.tgz",
      "integrity": "sha1-+rg/uwstjchfpjbEudNMdUIMbWU="
    },
    "core-util-is": {
      "version": "1.0.2",
      "resolved": "http://registry.npm.taobao.org/core-util-is/download/core-util-is-1.0.2.tgz",
      "integrity": "sha1-tf1UIgqivFq1eqtxQMlAdUUDwac="
    },
    "crc": {
      "version": "3.5.0",
      "resolved": "http://registry.npm.taobao.org/crc/download/crc-3.5.0.tgz",
      "integrity": "sha1-mLi6fUiWZbo5efWbITgTdBAaGWQ="
    },
    "crc32-stream": {
      "version": "2.0.0",
      "resolved": "http://registry.npm.taobao.org/crc32-stream/download/crc32-stream-2.0.0.tgz",
      "integrity": "sha1-483TtN8xaN10494/u8t7KX/pCPQ=",
      "requires": {
        "crc": "3.5.0",
        "readable-stream": "2.3.3"
      }
    },
    "css-select": {
      "version": "1.2.0",
      "resolved": "http://registry.npm.taobao.org/css-select/download/css-select-1.2.0.tgz",
      "integrity": "sha1-KzoRBTnFNV8c2NMUYj6HCxIeyFg=",
      "dev": true,
      "requires": {
        "boolbase": "1.0.0",
        "css-what": "2.1.0",
        "domutils": "1.5.1",
        "nth-check": "1.0.1"
      }
    },
    "css-what": {
      "version": "2.1.0",
      "resolved": "http://registry.npm.taobao.org/css-what/download/css-what-2.1.0.tgz",
      "integrity": "sha1-lGfQMsOM+u+58teVASUwYvh/ob0=",
      "dev": true
    },
    "date-extended": {
      "version": "0.0.6",
      "resolved": "http://registry.npm.taobao.org/date-extended/download/date-extended-0.0.6.tgz",
      "integrity": "sha1-I4AtV90b94GIE/4MMuhRqG2iZ8k=",
      "requires": {
        "array-extended": "0.0.11",
        "extended": "0.0.6",
        "is-extended": "0.0.10"
      }
    },
    "declare.js": {
      "version": "0.0.8",
      "resolved": "http://registry.npm.taobao.org/declare.js/download/declare.js-0.0.8.tgz",
      "integrity": "sha1-BHit/5VkwAT1Hfc9i8E0AZ0o3N4="
    },
    "dom-serializer": {
      "version": "0.1.0",
      "resolved": "http://registry.npm.taobao.org/dom-serializer/download/dom-serializer-0.1.0.tgz",
      "integrity": "sha1-BzxpdUbOB4DOI75KKOKT5AvDDII=",
      "dev": true,
      "requires": {
        "domelementtype": "1.1.3",
        "entities": "1.1.1"
      },
      "dependencies": {
        "domelementtype": {
          "version": "1.1.3",
          "resolved": "http://registry.npm.taobao.org/domelementtype/download/domelementtype-1.1.3.tgz",
          "integrity": "sha1-vSh3PiZCiBrsUVRJJCmcXNgiGFs=",
          "dev": true
        }
      }
    },
    "domelementtype": {
      "version": "1.3.0",
      "resolved": "http://registry.npm.taobao.org/domelementtype/download/domelementtype-1.3.0.tgz",
      "integrity": "sha1-sXrtguirWeUt2cGbF1bg/BhyBMI=",
      "dev": true
    },
    "domhandler": {
      "version": "2.4.1",
      "resolved": "http://registry.npm.taobao.org/domhandler/download/domhandler-2.4.1.tgz",
      "integrity": "sha1-iS5HAAqZvlW783dP/qBWHYh5wlk=",
      "dev": true,
      "requires": {
        "domelementtype": "1.3.0"
      }
    },
    "domutils": {
      "version": "1.5.1",
      "resolved": "http://registry.npm.taobao.org/domutils/download/domutils-1.5.1.tgz",
      "integrity": "sha1-3NhIiib1Y9YQeeSMn3t+Mjc2gs8=",
      "dev": true,
      "requires": {
        "dom-serializer": "0.1.0",
        "domelementtype": "1.3.0"
      }
    },
    "end-of-stream": {
      "version": "1.4.0",
      "resolved": "http://registry.npm.taobao.org/end-of-stream/download/end-of-stream-1.4.0.tgz",
      "integrity": "sha1-epDYM+/abPpurA9JSduw+tOmMgY=",
      "requires": {
        "once": "1.4.0"
      }
    },
    "entities": {
      "version": "1.1.1",
      "resolved": "http://registry.npm.taobao.org/entities/download/entities-1.1.1.tgz",
      "integrity": "sha1-blwtClYhtdra7O+AuQ7ftc13cvA=",
      "dev": true
    },
    "es6-promise": {
      "version": "3.0.2",
      "resolved": "http://registry.npm.taobao.org/es6-promise/download/es6-promise-3.0.2.tgz",
      "integrity": "sha1-AQ1YWEI6XxGJeWZfRkhqlcbuK7Y="
    },
    "exceljs": {
      "version": "0.7.0",
      "resolved": "http://registry.npm.taobao.org/exceljs/download/exceljs-0.7.0.tgz",
      "integrity": "sha1-pJkG0CQ0E5KQJVGkfLfUqspeLxw=",
      "requires": {
        "archiver": "1.3.0",
        "fast-csv": "2.4.1",
        "jszip": "3.1.3",
        "moment": "2.19.2",
        "promish": "5.0.2",
        "sax": "1.2.4",
        "unzip2": "0.2.5"
      }
    },
    "extended": {
      "version": "0.0.6",
      "resolved": "http://registry.npm.taobao.org/extended/download/extended-0.0.6.tgz",
      "integrity": "sha1-f7i/e52uOXWG5IVwrP1kLHjlBmk=",
      "requires": {
        "extender": "0.0.10"
      }
    },
    "extender": {
      "version": "0.0.10",
      "resolved": "http://registry.npm.taobao.org/extender/download/extender-0.0.10.tgz",
      "integrity": "sha1-WJwHSCvmGhRgttgfnCSqZ+jzJM0=",
      "requires": {
        "declare.js": "0.0.8"
      }
    },
    "fast-csv": {
      "version": "2.4.1",
      "resolved": "http://registry.npm.taobao.org/fast-csv/download/fast-csv-2.4.1.tgz",
      "integrity": "sha1-vX3SaDkfcpNntZRFuN0K0CaIGyY=",
      "requires": {
        "extended": "0.0.6",
        "is-extended": "0.0.10",
        "object-extended": "0.0.7",
        "string-extended": "0.0.8"
      }
    },
    "fs": {
      "version": "0.0.1-security",
      "resolved": "http://registry.npm.taobao.org/fs/download/fs-0.0.1-security.tgz",
      "integrity": "sha1-invTcYa23d84E/I4WLV+yq9eQdQ=",
      "dev": true
    },
    "fs.realpath": {
      "version": "1.0.0",
      "resolved": "http://registry.npm.taobao.org/fs.realpath/download/fs.realpath-1.0.0.tgz",
      "integrity": "sha1-FQStJSMVjKpA20onh8sBQRmU6k8="
    },
    "fstream": {
      "version": "0.1.31",
      "resolved": "http://registry.npm.taobao.org/fstream/download/fstream-0.1.31.tgz",
      "integrity": "sha1-czfwWPu7vvqMn1YaKMqwhJICyYg=",
      "requires": {
        "graceful-fs": "3.0.11",
        "inherits": "2.0.3",
        "mkdirp": "0.5.1",
        "rimraf": "2.6.2"
      },
      "dependencies": {
        "graceful-fs": {
          "version": "3.0.11",
          "resolved": "http://registry.npm.taobao.org/graceful-fs/download/graceful-fs-3.0.11.tgz",
          "integrity": "sha1-dhPHeKGv6mLyXGMKCG1/Osu92Bg=",
          "requires": {
            "natives": "1.1.0"
          }
        }
      }
    },
    "glob": {
      "version": "7.1.2",
      "resolved": "http://registry.npm.taobao.org/glob/download/glob-7.1.2.tgz",
      "integrity": "sha1-wZyd+aAocC1nhhI4SmVSQExjbRU=",
      "requires": {
        "fs.realpath": "1.0.0",
        "inflight": "1.0.6",
        "inherits": "2.0.3",
        "minimatch": "3.0.4",
        "once": "1.4.0",
        "path-is-absolute": "1.0.1"
      }
    },
    "graceful-fs": {
      "version": "4.1.11",
      "resolved": "http://registry.npm.taobao.org/graceful-fs/download/graceful-fs-4.1.11.tgz",
      "integrity": "sha1-Dovf5NHduIVNZOBOp8AOKgJuVlg="
    },
    "htmlparser2": {
      "version": "3.9.2",
      "resolved": "http://registry.npm.taobao.org/htmlparser2/download/htmlparser2-3.9.2.tgz",
      "integrity": "sha1-G9+HrMoPP55T+k/M6w9LTLsAszg=",
      "dev": true,
      "requires": {
        "domelementtype": "1.3.0",
        "domhandler": "2.4.1",
        "domutils": "1.5.1",
        "entities": "1.1.1",
        "inherits": "2.0.3",
        "readable-stream": "2.3.3"
      }
    },
    "immediate": {
      "version": "3.0.6",
      "resolved": "http://registry.npm.taobao.org/immediate/download/immediate-3.0.6.tgz",
      "integrity": "sha1-nbHb0Pr43m++D13V5Wu2BigN5ps="
    },
    "inflight": {
      "version": "1.0.6",
      "resolved": "http://registry.npm.taobao.org/inflight/download/inflight-1.0.6.tgz",
      "integrity": "sha1-Sb1jMdfQLQwJvJEKEHW6gWW1bfk=",
      "requires": {
        "once": "1.4.0",
        "wrappy": "1.0.2"
      }
    },
    "inherits": {
      "version": "2.0.3",
      "resolved": "http://registry.npm.taobao.org/inherits/download/inherits-2.0.3.tgz",
      "integrity": "sha1-Yzwsg+PaQqUC9SRmAiSA9CCCYd4="
    },
    "is-extended": {
      "version": "0.0.10",
      "resolved": "http://registry.npm.taobao.org/is-extended/download/is-extended-0.0.10.tgz",
      "integrity": "sha1-JE4UDfdbscmjEG9BL/GC+1NKbWI=",
      "requires": {
        "extended": "0.0.6"
      }
    },
    "isarray": {
      "version": "1.0.0",
      "resolved": "http://registry.npm.taobao.org/isarray/download/isarray-1.0.0.tgz",
      "integrity": "sha1-u5NdSFgsuhaMBoNJV6VKPgcSTxE="
    },
    "jszip": {
      "version": "3.1.3",
      "resolved": "http://registry.npm.taobao.org/jszip/download/jszip-3.1.3.tgz",
      "integrity": "sha1-ipIEA7KxZRwPwSa+kBktkICVfDc=",
      "requires": {
        "core-js": "2.3.0",
        "es6-promise": "3.0.2",
        "lie": "3.1.1",
        "pako": "1.0.6",
        "readable-stream": "2.0.6"
      },
      "dependencies": {
        "readable-stream": {
          "version": "2.0.6",
          "resolved": "http://registry.npm.taobao.org/readable-stream/download/readable-stream-2.0.6.tgz",
          "integrity": "sha1-j5A0HmilPMySh4jaz80Rs265t44=",
          "requires": {
            "core-util-is": "1.0.2",
            "inherits": "2.0.3",
            "isarray": "1.0.0",
            "process-nextick-args": "1.0.7",
            "string_decoder": "0.10.31",
            "util-deprecate": "1.0.2"
          }
        },
        "string_decoder": {
          "version": "0.10.31",
          "resolved": "http://registry.npm.taobao.org/string_decoder/download/string_decoder-0.10.31.tgz",
          "integrity": "sha1-YuIDvEF2bGwoyfyEMB2rHFMQ+pQ="
        }
      }
    },
    "lazystream": {
      "version": "1.0.0",
      "resolved": "http://registry.npm.taobao.org/lazystream/download/lazystream-1.0.0.tgz",
      "integrity": "sha1-9plf4PggOS9hOWvolGJAe7dxaOQ=",
      "requires": {
        "readable-stream": "2.3.3"
      }
    },
    "lie": {
      "version": "3.1.1",
      "resolved": "http://registry.npm.taobao.org/lie/download/lie-3.1.1.tgz",
      "integrity": "sha1-mkNrLMd0bKWd56QfpGmz77dr2H4=",
      "requires": {
        "immediate": "3.0.6"
      }
    },
    "lodash": {
      "version": "4.17.4",
      "resolved": "http://registry.npm.taobao.org/lodash/download/lodash-4.17.4.tgz",
      "integrity": "sha1-eCA6TRwyiuHYbcpkYONptX9AVa4="
    },
    "match-stream": {
      "version": "0.0.2",
      "resolved": "http://registry.npm.taobao.org/match-stream/download/match-stream-0.0.2.tgz",
      "integrity": "sha1-mesFAJOzTf+t5CG5rAtBCpz6F88=",
      "requires": {
        "buffers": "0.1.1",
        "readable-stream": "1.0.34"
      },
      "dependencies": {
        "isarray": {
          "version": "0.0.1",
          "resolved": "http://registry.npm.taobao.org/isarray/download/isarray-0.0.1.tgz",
          "integrity": "sha1-ihis/Kmo9Bd+Cav8YDiTmwXR7t8="
        },
        "readable-stream": {
          "version": "1.0.34",
          "resolved": "http://registry.npm.taobao.org/readable-stream/download/readable-stream-1.0.34.tgz",
          "integrity": "sha1-Elgg40vIQtLyqq+v5MKRbuMsFXw=",
          "requires": {
            "core-util-is": "1.0.2",
            "inherits": "2.0.3",
            "isarray": "0.0.1",
            "string_decoder": "0.10.31"
          }
        },
        "string_decoder": {
          "version": "0.10.31",
          "resolved": "http://registry.npm.taobao.org/string_decoder/download/string_decoder-0.10.31.tgz",
          "integrity": "sha1-YuIDvEF2bGwoyfyEMB2rHFMQ+pQ="
        }
      }
    },
    "minimatch": {
      "version": "3.0.4",
      "resolved": "http://registry.npm.taobao.org/minimatch/download/minimatch-3.0.4.tgz",
      "integrity": "sha1-UWbihkV/AzBgZL5Ul+jbsMPTIIM=",
      "requires": {
        "brace-expansion": "1.1.8"
      }
    },
    "minimist": {
      "version": "0.0.8",
      "resolved": "http://registry.npm.taobao.org/minimist/download/minimist-0.0.8.tgz",
      "integrity": "sha1-hX/Kv8M5fSYluCKCYuhqp6ARsF0="
    },
    "mkdirp": {
      "version": "0.5.1",
      "resolved": "http://registry.npm.taobao.org/mkdirp/download/mkdirp-0.5.1.tgz",
      "integrity": "sha1-MAV0OOrGz3+MR2fzhkjWaX11yQM=",
      "requires": {
        "minimist": "0.0.8"
      }
    },
    "moment": {
      "version": "2.19.2",
      "resolved": "http://registry.npm.taobao.org/moment/download/moment-2.19.2.tgz",
      "integrity": "sha1-in93TJWmRVC0x+vUlmg5CPlBnb4="
    },
    "natives": {
      "version": "1.1.0",
      "resolved": "http://registry.npm.taobao.org/natives/download/natives-1.1.0.tgz",
      "integrity": "sha1-6f+EFBimsux6SV6TmYT3jxY+bjE="
    },
    "normalize-path": {
      "version": "2.1.1",
      "resolved": "http://registry.npm.taobao.org/normalize-path/download/normalize-path-2.1.1.tgz",
      "integrity": "sha1-GrKLVW4Zg2Oowab35vogE3/mrtk=",
      "requires": {
        "remove-trailing-separator": "1.1.0"
      }
    },
    "nth-check": {
      "version": "1.0.1",
      "resolved": "http://registry.npm.taobao.org/nth-check/download/nth-check-1.0.1.tgz",
      "integrity": "sha1-mSms32KPwsQQmN6rgqxYDPFJquQ=",
      "dev": true,
      "requires": {
        "boolbase": "1.0.0"
      }
    },
    "object-extended": {
      "version": "0.0.7",
      "resolved": "http://registry.npm.taobao.org/object-extended/download/object-extended-0.0.7.tgz",
      "integrity": "sha1-hP0j9WsVWCrrPoiwXLVdJDLWijM=",
      "requires": {
        "array-extended": "0.0.11",
        "extended": "0.0.6",
        "is-extended": "0.0.10"
      }
    },
    "once": {
      "version": "1.4.0",
      "resolved": "http://registry.npm.taobao.org/once/download/once-1.4.0.tgz",
      "integrity": "sha1-WDsap3WWHUsROsF9nFC6753Xa9E=",
      "requires": {
        "wrappy": "1.0.2"
      }
    },
    "over": {
      "version": "0.0.5",
      "resolved": "http://registry.npm.taobao.org/over/download/over-0.0.5.tgz",
      "integrity": "sha1-8phS5w/X4l82DgE6jsRMgq7bVwg="
    },
    "pako": {
      "version": "1.0.6",
      "resolved": "http://registry.npm.taobao.org/pako/download/pako-1.0.6.tgz",
      "integrity": "sha1-AQEhG6pwxLykoPY/Igbpe3368lg="
    },
    "parse5": {
      "version": "3.0.3",
      "resolved": "http://registry.npm.taobao.org/parse5/download/parse5-3.0.3.tgz",
      "integrity": "sha1-BC95L/3TaFFVHPTp4Gazh0q0W1w=",
      "dev": true,
      "requires": {
        "@types/node": "8.0.53"
      }
    },
    "path-is-absolute": {
      "version": "1.0.1",
      "resolved": "http://registry.npm.taobao.org/path-is-absolute/download/path-is-absolute-1.0.1.tgz",
      "integrity": "sha1-F0uSaHNVNP+8es5r9TpanhtcX18="
    },
    "process-nextick-args": {
      "version": "1.0.7",
      "resolved": "http://registry.npm.taobao.org/process-nextick-args/download/process-nextick-args-1.0.7.tgz",
      "integrity": "sha1-FQ4gt1ZZCtP5EJPyWk8q2L/zC6M="
    },
    "promish": {
      "version": "5.0.2",
      "resolved": "http://registry.npm.taobao.org/promish/download/promish-5.0.2.tgz",
      "integrity": "sha1-JUaobHnZFAirQOnYbIiWPqTH6bg=",
      "requires": {
        "es6-promise": "3.0.2"
      }
    },
    "pullstream": {
      "version": "0.4.1",
      "resolved": "http://registry.npm.taobao.org/pullstream/download/pullstream-0.4.1.tgz",
      "integrity": "sha1-1vs79a7Wl+gxFQ6xACwlo/iuExQ=",
      "requires": {
        "over": "0.0.5",
        "readable-stream": "1.0.34",
        "setimmediate": "1.0.5",
        "slice-stream": "1.0.0"
      },
      "dependencies": {
        "isarray": {
          "version": "0.0.1",
          "resolved": "http://registry.npm.taobao.org/isarray/download/isarray-0.0.1.tgz",
          "integrity": "sha1-ihis/Kmo9Bd+Cav8YDiTmwXR7t8="
        },
        "readable-stream": {
          "version": "1.0.34",
          "resolved": "http://registry.npm.taobao.org/readable-stream/download/readable-stream-1.0.34.tgz",
          "integrity": "sha1-Elgg40vIQtLyqq+v5MKRbuMsFXw=",
          "requires": {
            "core-util-is": "1.0.2",
            "inherits": "2.0.3",
            "isarray": "0.0.1",
            "string_decoder": "0.10.31"
          }
        },
        "string_decoder": {
          "version": "0.10.31",
          "resolved": "http://registry.npm.taobao.org/string_decoder/download/string_decoder-0.10.31.tgz",
          "integrity": "sha1-YuIDvEF2bGwoyfyEMB2rHFMQ+pQ="
        }
      }
    },
    "readable-stream": {
      "version": "2.3.3",
      "resolved": "http://registry.npm.taobao.org/readable-stream/download/readable-stream-2.3.3.tgz",
      "integrity": "sha1-No8lEtefnUb9/HE0mueHi7weuVw=",
      "requires": {
        "core-util-is": "1.0.2",
        "inherits": "2.0.3",
        "isarray": "1.0.0",
        "process-nextick-args": "1.0.7",
        "safe-buffer": "5.1.1",
        "string_decoder": "1.0.3",
        "util-deprecate": "1.0.2"
      }
    },
    "remove-trailing-separator": {
      "version": "1.1.0",
      "resolved": "http://registry.npm.taobao.org/remove-trailing-separator/download/remove-trailing-separator-1.1.0.tgz",
      "integrity": "sha1-wkvOKig62tW8P1jg1IJJuSN52O8="
    },
    "rimraf": {
      "version": "2.6.2",
      "resolved": "http://registry.npm.taobao.org/rimraf/download/rimraf-2.6.2.tgz",
      "integrity": "sha1-LtgVDSShbqhlHm1u8PR8QVjOejY=",
      "requires": {
        "glob": "7.1.2"
      }
    },
    "safe-buffer": {
      "version": "5.1.1",
      "resolved": "http://registry.npm.taobao.org/safe-buffer/download/safe-buffer-5.1.1.tgz",
      "integrity": "sha1-iTMSr2myEj3vcfV4iQAWce6yyFM="
    },
    "sax": {
      "version": "1.2.4",
      "resolved": "http://registry.npm.taobao.org/sax/download/sax-1.2.4.tgz",
      "integrity": "sha1-KBYjTiN4vdxOU1T6tcqold9xANk="
    },
    "setimmediate": {
      "version": "1.0.5",
      "resolved": "http://registry.npm.taobao.org/setimmediate/download/setimmediate-1.0.5.tgz",
      "integrity": "sha1-KQy7Iy4waULX1+qbg3Mqt4VvgoU="
    },
    "slice-stream": {
      "version": "1.0.0",
      "resolved": "http://registry.npm.taobao.org/slice-stream/download/slice-stream-1.0.0.tgz",
      "integrity": "sha1-WzO9ZvATsaf4ZGCwPUY97DmtPqA=",
      "requires": {
        "readable-stream": "1.0.34"
      },
      "dependencies": {
        "isarray": {
          "version": "0.0.1",
          "resolved": "http://registry.npm.taobao.org/isarray/download/isarray-0.0.1.tgz",
          "integrity": "sha1-ihis/Kmo9Bd+Cav8YDiTmwXR7t8="
        },
        "readable-stream": {
          "version": "1.0.34",
          "resolved": "http://registry.npm.taobao.org/readable-stream/download/readable-stream-1.0.34.tgz",
          "integrity": "sha1-Elgg40vIQtLyqq+v5MKRbuMsFXw=",
          "requires": {
            "core-util-is": "1.0.2",
            "inherits": "2.0.3",
            "isarray": "0.0.1",
            "string_decoder": "0.10.31"
          }
        },
        "string_decoder": {
          "version": "0.10.31",
          "resolved": "http://registry.npm.taobao.org/string_decoder/download/string_decoder-0.10.31.tgz",
          "integrity": "sha1-YuIDvEF2bGwoyfyEMB2rHFMQ+pQ="
        }
      }
    },
    "string-extended": {
      "version": "0.0.8",
      "resolved": "http://registry.npm.taobao.org/string-extended/download/string-extended-0.0.8.tgz",
      "integrity": "sha1-dBlX3/SHsCcqee7FpE8jnubxfM0=",
      "requires": {
        "array-extended": "0.0.11",
        "date-extended": "0.0.6",
        "extended": "0.0.6",
        "is-extended": "0.0.10"
      }
    },
    "string_decoder": {
      "version": "1.0.3",
      "resolved": "http://registry.npm.taobao.org/string_decoder/download/string_decoder-1.0.3.tgz",
      "integrity": "sha1-D8Z9fBQYJd6UKC3VNr7GubzoYKs=",
      "requires": {
        "safe-buffer": "5.1.1"
      }
    },
    "tar-stream": {
      "version": "1.5.5",
      "resolved": "http://registry.npm.taobao.org/tar-stream/download/tar-stream-1.5.5.tgz",
      "integrity": "sha1-XK2Ed59FyDsfJQjZawnYjHIYr1U=",
      "requires": {
        "bl": "1.2.1",
        "end-of-stream": "1.4.0",
        "readable-stream": "2.3.3",
        "xtend": "4.0.1"
      }
    },
    "traverse": {
      "version": "0.3.9",
      "resolved": "http://registry.npm.taobao.org/traverse/download/traverse-0.3.9.tgz",
      "integrity": "sha1-cXuPIgzAu3tE5AUUwisui7xw2Lk="
    },
    "unzip2": {
      "version": "0.2.5",
      "resolved": "http://registry.npm.taobao.org/unzip2/download/unzip2-0.2.5.tgz",
      "integrity": "sha1-TveleaeMFcUfVQ9qBT2xlBSciZI=",
      "requires": {
        "binary": "0.3.0",
        "fstream": "0.1.31",
        "match-stream": "0.0.2",
        "pullstream": "0.4.1",
        "readable-stream": "1.0.34",
        "setimmediate": "1.0.5"
      },
      "dependencies": {
        "isarray": {
          "version": "0.0.1",
          "resolved": "http://registry.npm.taobao.org/isarray/download/isarray-0.0.1.tgz",
          "integrity": "sha1-ihis/Kmo9Bd+Cav8YDiTmwXR7t8="
        },
        "readable-stream": {
          "version": "1.0.34",
          "resolved": "http://registry.npm.taobao.org/readable-stream/download/readable-stream-1.0.34.tgz",
          "integrity": "sha1-Elgg40vIQtLyqq+v5MKRbuMsFXw=",
          "requires": {
            "core-util-is": "1.0.2",
            "inherits": "2.0.3",
            "isarray": "0.0.1",
            "string_decoder": "0.10.31"
          }
        },
        "string_decoder": {
          "version": "0.10.31",
          "resolved": "http://registry.npm.taobao.org/string_decoder/download/string_decoder-0.10.31.tgz",
          "integrity": "sha1-YuIDvEF2bGwoyfyEMB2rHFMQ+pQ="
        }
      }
    },
    "util-deprecate": {
      "version": "1.0.2",
      "resolved": "http://registry.npm.taobao.org/util-deprecate/download/util-deprecate-1.0.2.tgz",
      "integrity": "sha1-RQ1Nyfpw3nMnYvvS1KKJgUGaDM8="
    },
    "walkdir": {
      "version": "0.0.11",
      "resolved": "http://registry.npm.taobao.org/walkdir/download/walkdir-0.0.11.tgz",
      "integrity": "sha1-oW0CXrkxvQO1LzCMrtD0D86+lTI="
    },
    "wrappy": {
      "version": "1.0.2",
      "resolved": "http://registry.npm.taobao.org/wrappy/download/wrappy-1.0.2.tgz",
      "integrity": "sha1-tSQ9jz7BqjXxNkYFvA0QNuMKtp8="
    },
    "xtend": {
      "version": "4.0.1",
      "resolved": "http://registry.npm.taobao.org/xtend/download/xtend-4.0.1.tgz",
      "integrity": "sha1-pcbVMr5lbiPbgg77lDofBJmNY68="
    },
    "zip-stream": {
      "version": "1.2.0",
      "resolved": "http://registry.npm.taobao.org/zip-stream/download/zip-stream-1.2.0.tgz",
      "integrity": "sha1-qLxF9MG0lpnGuQGYuqyqzbzUugQ=",
      "requires": {
        "archiver-utils": "1.3.0",
        "compress-commons": "1.2.2",
        "lodash": "4.17.4",
        "readable-stream": "2.3.3"
      }
    }
  }
}
